
Microsoft Visual Studio Solution File, Format Version 12.00
# Visual Studio Version 17
VisualStudioVersion = 17.8.34330.188
MinimumVisualStudioVersion = 10.0.40219.1
Project("{FAE04EC0-301F-11D3-BF4B-00C04F79EFBC}") = "Araba Galeri OOP", "WinFormsApp2\Araba Galeri OOP.csproj", "{2F20F4A2-235B-4178-8F64-7E821EE2A8F8}"
EndProject
Global
	GlobalSection(SolutionConfigurationPlatforms) = preSolution
		Debug|Any CPU = Debug|Any CPU
		Release|Any CPU = Release|Any CPU
	EndGlobalSection
	GlobalSection(ProjectConfigurationPlatforms) = postSolution
		{2F20F4A2-235B-4178-8F64-7E821EE2A8F8}.Debug|Any CPU.ActiveCfg = Debug|Any CPU
		{2F20F4A2-235B-4178-8F64-7E821EE2A8F8}.Debug|Any CPU.Build.0 = Debug|Any CPU
		{2F20F4A2-235B-4178-8F64-7E821EE2A8F8}.Release|Any CPU.ActiveCfg = Release|Any CPU
		{2F20F4A2-235B-4178-8F64-7E821EE2A8F8}.Release|Any CPU.Build.0 = Release|Any CPU
	EndGlobalSection
	GlobalSection(SolutionProperties) = preSolution
		HideSolutionNode = FALSE
	EndGlobalSection
	GlobalSection(ExtensibilityGlobals) = postSolution
		SolutionGuid = {4B49BF84-35E0-4FDA-8BB2-80B0B2F62387}
	EndGlobalSection
EndGlobal
